
Microsoft Visual Studio Solution File, Format Version 12.00
# Visual Studio Version 17
VisualStudioVersion = 17.14.36408.4 d17.14
MinimumVisualStudioVersion = 10.0.40219.1
Project("{FAE04EC0-301F-11D3-BF4B-00C04F79EFBC}") = "TestApp", "TestApp.csproj", "{8EAD689A-1E49-4D92-9BD1-0E4DA9BEAB5D}"
EndProject
Global
	GlobalSection(SolutionConfigurationPlatforms) = preSolution
		Debug|Any CPU = Debug|Any CPU
		Release|Any CPU = Release|Any CPU
	EndGlobalSection
	GlobalSection(ProjectConfigurationPlatforms) = postSolution
		{8EAD689A-1E49-4D92-9BD1-0E4DA9BEAB5D}.Debug|Any CPU.ActiveCfg = Debug|Any CPU
		{8EAD689A-1E49-4D92-9BD1-0E4DA9BEAB5D}.Debug|Any CPU.Build.0 = Debug|Any CPU
		{8EAD689A-1E49-4D92-9BD1-0E4DA9BEAB5D}.Release|Any CPU.ActiveCfg = Release|Any CPU
		{8EAD689A-1E49-4D92-9BD1-0E4DA9BEAB5D}.Release|Any CPU.Build.0 = Release|Any CPU
	EndGlobalSection
	GlobalSection(SolutionProperties) = preSolution
		HideSolutionNode = FALSE
	EndGlobalSection
	GlobalSection(ExtensibilityGlobals) = postSolution
		SolutionGuid = {47C79429-DB8C-4066-AF31-F722C9EACF47}
	EndGlobalSection
EndGlobal
